
Microsoft Visual Studio Solution File, Format Version 12.00
# Visual Studio Version 17
VisualStudioVersion = 17.5.002.0
MinimumVisualStudioVersion = 10.0.40219.1
Project("{9A19103F-16F7-4668-BE54-9A1E7A4F7556}") = "kafka-client", "kafka-client\kafka-client.csproj", "{2A0F14E0-9741-4688-B962-BD19ED1FDE12}"
EndProject
Project("{FAE04EC0-301F-11D3-BF4B-00C04F79EFBC}") = "kafka-client-api", "kafka-client-api\kafka-client-api.csproj", "{932A2E88-AA61-4D51-9224-F4C882B9AED8}"
EndProject
Project("{FAE04EC0-301F-11D3-BF4B-00C04F79EFBC}") = "kafka-consumer", "kafka-consumer\kafka-consumer.csproj", "{1BB4DB54-8B1C-411B-872E-053EFDFE8D8F}"
EndProject
Project("{FAE04EC0-301F-11D3-BF4B-00C04F79EFBC}") = "kafka-publisher", "kafka-publisher\kafka-publisher.csproj", "{5E4FB066-1E6F-49A3-A8E8-AE0E9173324E}"
EndProject
Global
	GlobalSection(SolutionConfigurationPlatforms) = preSolution
		Debug|Any CPU = Debug|Any CPU
		Release|Any CPU = Release|Any CPU
	EndGlobalSection
	GlobalSection(ProjectConfigurationPlatforms) = postSolution
		{2A0F14E0-9741-4688-B962-BD19ED1FDE12}.Debug|Any CPU.ActiveCfg = Debug|Any CPU
		{2A0F14E0-9741-4688-B962-BD19ED1FDE12}.Debug|Any CPU.Build.0 = Debug|Any CPU
		{2A0F14E0-9741-4688-B962-BD19ED1FDE12}.Release|Any CPU.ActiveCfg = Release|Any CPU
		{2A0F14E0-9741-4688-B962-BD19ED1FDE12}.Release|Any CPU.Build.0 = Release|Any CPU
		{932A2E88-AA61-4D51-9224-F4C882B9AED8}.Debug|Any CPU.ActiveCfg = Debug|Any CPU
		{932A2E88-AA61-4D51-9224-F4C882B9AED8}.Debug|Any CPU.Build.0 = Debug|Any CPU
		{932A2E88-AA61-4D51-9224-F4C882B9AED8}.Release|Any CPU.ActiveCfg = Release|Any CPU
		{932A2E88-AA61-4D51-9224-F4C882B9AED8}.Release|Any CPU.Build.0 = Release|Any CPU
		{1BB4DB54-8B1C-411B-872E-053EFDFE8D8F}.Debug|Any CPU.ActiveCfg = Debug|Any CPU
		{1BB4DB54-8B1C-411B-872E-053EFDFE8D8F}.Debug|Any CPU.Build.0 = Debug|Any CPU
		{1BB4DB54-8B1C-411B-872E-053EFDFE8D8F}.Release|Any CPU.ActiveCfg = Release|Any CPU
		{1BB4DB54-8B1C-411B-872E-053EFDFE8D8F}.Release|Any CPU.Build.0 = Release|Any CPU
		{5E4FB066-1E6F-49A3-A8E8-AE0E9173324E}.Debug|Any CPU.ActiveCfg = Debug|Any CPU
		{5E4FB066-1E6F-49A3-A8E8-AE0E9173324E}.Debug|Any CPU.Build.0 = Debug|Any CPU
		{5E4FB066-1E6F-49A3-A8E8-AE0E9173324E}.Release|Any CPU.ActiveCfg = Release|Any CPU
		{5E4FB066-1E6F-49A3-A8E8-AE0E9173324E}.Release|Any CPU.Build.0 = Release|Any CPU
	EndGlobalSection
	GlobalSection(SolutionProperties) = preSolution
		HideSolutionNode = FALSE
	EndGlobalSection
	GlobalSection(ExtensibilityGlobals) = postSolution
		SolutionGuid = {4780BCF0-2E6D-420F-871E-05C477D2AD4C}
	EndGlobalSection
EndGlobal
